
Microsoft Visual Studio Solution File, Format Version 12.00
# Visual Studio 14
VisualStudioVersion = 14.0.25123.0
MinimumVisualStudioVersion = 10.0.40219.1
Project("{FAE04EC0-301F-11D3-BF4B-00C04F79EFBC}") = "MBBS.Droid", "MBBS\MBBS.Droid\MBBS.Droid.csproj", "{78A0D588-DF4C-4650-820A-BE6B65EBF404}"
EndProject
Project("{FAE04EC0-301F-11D3-BF4B-00C04F79EFBC}") = "MBBS.iOS", "MBBS\MBBS.iOS\MBBS.iOS.csproj", "{AA03D8FE-0886-4811-BAF5-D101524354E7}"
EndProject
Project("{FAE04EC0-301F-11D3-BF4B-00C04F79EFBC}") = "MBBS.WinPhone", "MBBS\MBBS.WinPhone\MBBS.WinPhone.csproj", "{364FCF89-7ECD-41EE-98AA-39F55421A75C}"
EndProject
Project("{FAE04EC0-301F-11D3-BF4B-00C04F79EFBC}") = "MBBS.UWP", "MBBS\MBBS.UWP\MBBS.UWP.csproj", "{4E7F4F03-9D74-4FD8-8861-C4C87A235E44}"
EndProject
Project("{FAE04EC0-301F-11D3-BF4B-00C04F79EFBC}") = "MBBS.Windows", "MBBS\MBBS.Windows\MBBS.Windows.csproj", "{7F02A2A8-E4A6-45C5-9C39-A7227835CB5B}"
EndProject
Project("{FAE04EC0-301F-11D3-BF4B-00C04F79EFBC}") = "MBBS", "MBBS\MBBS\MBBS.csproj", "{6708D950-866C-4C0D-B0CF-2A1A7919C4BF}"
EndProject
Global
	GlobalSection(SolutionConfigurationPlatforms) = preSolution
		Ad-Hoc|Any CPU = Ad-Hoc|Any CPU
		Ad-Hoc|ARM = Ad-Hoc|ARM
		Ad-Hoc|iPhone = Ad-Hoc|iPhone
		Ad-Hoc|iPhoneSimulator = Ad-Hoc|iPhoneSimulator
		Ad-Hoc|x64 = Ad-Hoc|x64
		Ad-Hoc|x86 = Ad-Hoc|x86
		AppStore|Any CPU = AppStore|Any CPU
		AppStore|ARM = AppStore|ARM
		AppStore|iPhone = AppStore|iPhone
		AppStore|iPhoneSimulator = AppStore|iPhoneSimulator
		AppStore|x64 = AppStore|x64
		AppStore|x86 = AppStore|x86
		Debug|Any CPU = Debug|Any CPU
		Debug|ARM = Debug|ARM
		Debug|iPhone = Debug|iPhone
		Debug|iPhoneSimulator = Debug|iPhoneSimulator
		Debug|x64 = Debug|x64
		Debug|x86 = Debug|x86
		Release|Any CPU = Release|Any CPU
		Release|ARM = Release|ARM
		Release|iPhone = Release|iPhone
		Release|iPhoneSimulator = Release|iPhoneSimulator
		Release|x64 = Release|x64
		Release|x86 = Release|x86
	EndGlobalSection
	GlobalSection(ProjectConfigurationPlatforms) = postSolution
		{78A0D588-DF4C-4650-820A-BE6B65EBF404}.Ad-Hoc|Any CPU.ActiveCfg = Release|Any CPU
		{78A0D588-DF4C-4650-820A-BE6B65EBF404}.Ad-Hoc|Any CPU.Build.0 = Release|Any CPU
		{78A0D588-DF4C-4650-820A-BE6B65EBF404}.Ad-Hoc|Any CPU.Deploy.0 = Release|Any CPU
		{78A0D588-DF4C-4650-820A-BE6B65EBF404}.Ad-Hoc|ARM.ActiveCfg = Release|Any CPU
		{78A0D588-DF4C-4650-820A-BE6B65EBF404}.Ad-Hoc|ARM.Build.0 = Release|Any CPU
		{78A0D588-DF4C-4650-820A-BE6B65EBF404}.Ad-Hoc|ARM.Deploy.0 = Release|Any CPU
		{78A0D588-DF4C-4650-820A-BE6B65EBF404}.Ad-Hoc|iPhone.ActiveCfg = Release|Any CPU
		{78A0D588-DF4C-4650-820A-BE6B65EBF404}.Ad-Hoc|iPhone.Build.0 = Release|Any CPU
		{78A0D588-DF4C-4650-820A-BE6B65EBF404}.Ad-Hoc|iPhone.Deploy.0 = Release|Any CPU
		{78A0D588-DF4C-4650-820A-BE6B65EBF404}.Ad-Hoc|iPhoneSimulator.ActiveCfg = Release|Any CPU
		{78A0D588-DF4C-4650-820A-BE6B65EBF404}.Ad-Hoc|iPhoneSimulator.Build.0 = Release|Any CPU
		{78A0D588-DF4C-4650-820A-BE6B65EBF404}.Ad-Hoc|iPhoneSimulator.Deploy.0 = Release|Any CPU
		{78A0D588-DF4C-4650-820A-BE6B65EBF404}.Ad-Hoc|x64.ActiveCfg = Release|Any CPU
		{78A0D588-DF4C-4650-820A-BE6B65EBF404}.Ad-Hoc|x64.Build.0 = Release|Any CPU
		{78A0D588-DF4C-4650-820A-BE6B65EBF404}.Ad-Hoc|x64.Deploy.0 = Release|Any CPU
		{78A0D588-DF4C-4650-820A-BE6B65EBF404}.Ad-Hoc|x86.ActiveCfg = Release|Any CPU
		{78A0D588-DF4C-4650-820A-BE6B65EBF404}.Ad-Hoc|x86.Build.0 = Release|Any CPU
		{78A0D588-DF4C-4650-820A-BE6B65EBF404}.Ad-Hoc|x86.Deploy.0 = Release|Any CPU
		{78A0D588-DF4C-4650-820A-BE6B65EBF404}.AppStore|Any CPU.ActiveCfg = Release|Any CPU
		{78A0D588-DF4C-4650-820A-BE6B65EBF404}.AppStore|Any CPU.Build.0 = Release|Any CPU
		{78A0D588-DF4C-4650-820A-BE6B65EBF404}.AppStore|Any CPU.Deploy.0 = Release|Any CPU
		{78A0D588-DF4C-4650-820A-BE6B65EBF404}.AppStore|ARM.ActiveCfg = Release|Any CPU
		{78A0D588-DF4C-4650-820A-BE6B65EBF404}.AppStore|ARM.Build.0 = Release|Any CPU
		{78A0D588-DF4C-4650-820A-BE6B65EBF404}.AppStore|ARM.Deploy.0 = Release|Any CPU
		{78A0D588-DF4C-4650-820A-BE6B65EBF404}.AppStore|iPhone.ActiveCfg = Release|Any CPU
		{78A0D588-DF4C-4650-820A-BE6B65EBF404}.AppStore|iPhone.Build.0 = Release|Any CPU
		{78A0D588-DF4C-4650-820A-BE6B65EBF404}.AppStore|iPhone.Deploy.0 = Release|Any CPU
		{78A0D588-DF4C-4650-820A-BE6B65EBF404}.AppStore|iPhoneSimulator.ActiveCfg = Release|Any CPU
		{78A0D588-DF4C-4650-820A-BE6B65EBF404}.AppStore|iPhoneSimulator.Build.0 = Release|Any CPU
		{78A0D588-DF4C-4650-820A-BE6B65EBF404}.AppStore|iPhoneSimulator.Deploy.0 = Release|Any CPU
		{78A0D588-DF4C-4650-820A-BE6B65EBF404}.AppStore|x64.ActiveCfg = Release|Any CPU
		{78A0D588-DF4C-4650-820A-BE6B65EBF404}.AppStore|x64.Build.0 = Release|Any CPU
		{78A0D588-DF4C-4650-820A-BE6B65EBF404}.AppStore|x64.Deploy.0 = Release|Any CPU
		{78A0D588-DF4C-4650-820A-BE6B65EBF404}.AppStore|x86.ActiveCfg = Release|Any CPU
		{78A0D588-DF4C-4650-820A-BE6B65EBF404}.AppStore|x86.Build.0 = Release|Any CPU
		{78A0D588-DF4C-4650-820A-BE6B65EBF404}.AppStore|x86.Deploy.0 = Release|Any CPU
		{78A0D588-DF4C-4650-820A-BE6B65EBF404}.Debug|Any CPU.ActiveCfg = Debug|Any CPU
		{78A0D588-DF4C-4650-820A-BE6B65EBF404}.Debug|Any CPU.Build.0 = Debug|Any CPU
		{78A0D588-DF4C-4650-820A-BE6B65EBF404}.Debug|Any CPU.Deploy.0 = Debug|Any CPU
		{78A0D588-DF4C-4650-820A-BE6B65EBF404}.Debug|ARM.ActiveCfg = Debug|Any CPU
		{78A0D588-DF4C-4650-820A-BE6B65EBF404}.Debug|ARM.Build.0 = Debug|Any CPU
		{78A0D588-DF4C-4650-820A-BE6B65EBF404}.Debug|ARM.Deploy.0 = Debug|Any CPU
		{78A0D588-DF4C-4650-820A-BE6B65EBF404}.Debug|iPhone.ActiveCfg = Debug|Any CPU
		{78A0D588-DF4C-4650-820A-BE6B65EBF404}.Debug|iPhone.Build.0 = Debug|Any CPU
		{78A0D588-DF4C-4650-820A-BE6B65EBF404}.Debug|iPhone.Deploy.0 = Debug|Any CPU
		{78A0D588-DF4C-4650-820A-BE6B65EBF404}.Debug|iPhoneSimulator.ActiveCfg = Debug|Any CPU
		{78A0D588-DF4C-4650-820A-BE6B65EBF404}.Debug|iPhoneSimulator.Build.0 = Debug|Any CPU
		{78A0D588-DF4C-4650-820A-BE6B65EBF404}.Debug|iPhoneSimulator.Deploy.0 = Debug|Any CPU
		{78A0D588-DF4C-4650-820A-BE6B65EBF404}.Debug|x64.ActiveCfg = Debug|Any CPU
		{78A0D588-DF4C-4650-820A-BE6B65EBF404}.Debug|x64.Build.0 = Debug|Any CPU
		{78A0D588-DF4C-4650-820A-BE6B65EBF404}.Debug|x64.Deploy.0 = Debug|Any CPU
		{78A0D588-DF4C-4650-820A-BE6B65EBF404}.Debug|x86.ActiveCfg = Debug|Any CPU
		{78A0D588-DF4C-4650-820A-BE6B65EBF404}.Debug|x86.Build.0 = Debug|Any CPU
		{78A0D588-DF4C-4650-820A-BE6B65EBF404}.Debug|x86.Deploy.0 = Debug|Any CPU
		{78A0D588-DF4C-4650-820A-BE6B65EBF404}.Release|Any CPU.ActiveCfg = Release|Any CPU
		{78A0D588-DF4C-4650-820A-BE6B65EBF404}.Release|Any CPU.Build.0 = Release|Any CPU
		{78A0D588-DF4C-4650-820A-BE6B65EBF404}.Release|Any CPU.Deploy.0 = Release|Any CPU
		{78A0D588-DF4C-4650-820A-BE6B65EBF404}.Release|ARM.ActiveCfg = Release|Any CPU
		{78A0D588-DF4C-4650-820A-BE6B65EBF404}.Release|ARM.Build.0 = Release|Any CPU
		{78A0D588-DF4C-4650-820A-BE6B65EBF404}.Release|ARM.Deploy.0 = Release|Any CPU
		{78A0D588-DF4C-4650-820A-BE6B65EBF404}.Release|iPhone.ActiveCfg = Release|Any CPU
		{78A0D588-DF4C-4650-820A-BE6B65EBF404}.Release|iPhone.Build.0 = Release|Any CPU
		{78A0D588-DF4C-4650-820A-BE6B65EBF404}.Release|iPhone.Deploy.0 = Release|Any CPU
		{78A0D588-DF4C-4650-820A-BE6B65EBF404}.Release|iPhoneSimulator.ActiveCfg = Release|Any CPU
		{78A0D588-DF4C-4650-820A-BE6B65EBF404}.Release|iPhoneSimulator.Build.0 = Release|Any CPU
		{78A0D588-DF4C-4650-820A-BE6B65EBF404}.Release|iPhoneSimulator.Deploy.0 = Release|Any CPU
		{78A0D588-DF4C-4650-820A-BE6B65EBF404}.Release|x64.ActiveCfg = Release|Any CPU
		{78A0D588-DF4C-4650-820A-BE6B65EBF404}.Release|x64.Build.0 = Release|Any CPU
		{78A0D588-DF4C-4650-820A-BE6B65EBF404}.Release|x64.Deploy.0 = Release|Any CPU
		{78A0D588-DF4C-4650-820A-BE6B65EBF404}.Release|x86.ActiveCfg = Release|Any CPU
		{78A0D588-DF4C-4650-820A-BE6B65EBF404}.Release|x86.Build.0 = Release|Any CPU
		{78A0D588-DF4C-4650-820A-BE6B65EBF404}.Release|x86.Deploy.0 = Release|Any CPU
		{AA03D8FE-0886-4811-BAF5-D101524354E7}.Ad-Hoc|Any CPU.ActiveCfg = Ad-Hoc|iPhone
		{AA03D8FE-0886-4811-BAF5-D101524354E7}.Ad-Hoc|ARM.ActiveCfg = Ad-Hoc|iPhone
		{AA03D8FE-0886-4811-BAF5-D101524354E7}.Ad-Hoc|iPhone.ActiveCfg = Ad-Hoc|iPhone
		{AA03D8FE-0886-4811-BAF5-D101524354E7}.Ad-Hoc|iPhone.Build.0 = Ad-Hoc|iPhone
		{AA03D8FE-0886-4811-BAF5-D101524354E7}.Ad-Hoc|iPhoneSimulator.ActiveCfg = Ad-Hoc|iPhoneSimulator
		{AA03D8FE-0886-4811-BAF5-D101524354E7}.Ad-Hoc|iPhoneSimulator.Build.0 = Ad-Hoc|iPhoneSimulator
		{AA03D8FE-0886-4811-BAF5-D101524354E7}.Ad-Hoc|x64.ActiveCfg = Ad-Hoc|iPhone
		{AA03D8FE-0886-4811-BAF5-D101524354E7}.Ad-Hoc|x86.ActiveCfg = Ad-Hoc|iPhone
		{AA03D8FE-0886-4811-BAF5-D101524354E7}.AppStore|Any CPU.ActiveCfg = AppStore|iPhone
		{AA03D8FE-0886-4811-BAF5-D101524354E7}.AppStore|ARM.ActiveCfg = AppStore|iPhone
		{AA03D8FE-0886-4811-BAF5-D101524354E7}.AppStore|iPhone.ActiveCfg = AppStore|iPhone
		{AA03D8FE-0886-4811-BAF5-D101524354E7}.AppStore|iPhone.Build.0 = AppStore|iPhone
		{AA03D8FE-0886-4811-BAF5-D101524354E7}.AppStore|iPhoneSimulator.ActiveCfg = AppStore|iPhoneSimulator
		{AA03D8FE-0886-4811-BAF5-D101524354E7}.AppStore|iPhoneSimulator.Build.0 = AppStore|iPhoneSimulator
		{AA03D8FE-0886-4811-BAF5-D101524354E7}.AppStore|x64.ActiveCfg = AppStore|iPhone
		{AA03D8FE-0886-4811-BAF5-D101524354E7}.AppStore|x86.ActiveCfg = AppStore|iPhone
		{AA03D8FE-0886-4811-BAF5-D101524354E7}.Debug|Any CPU.ActiveCfg = Debug|iPhone
		{AA03D8FE-0886-4811-BAF5-D101524354E7}.Debug|ARM.ActiveCfg = Debug|iPhone
		{AA03D8FE-0886-4811-BAF5-D101524354E7}.Debug|iPhone.ActiveCfg = Debug|iPhone
		{AA03D8FE-0886-4811-BAF5-D101524354E7}.Debug|iPhone.Build.0 = Debug|iPhone
		{AA03D8FE-0886-4811-BAF5-D101524354E7}.Debug|iPhoneSimulator.ActiveCfg = Debug|iPhoneSimulator
		{AA03D8FE-0886-4811-BAF5-D101524354E7}.Debug|iPhoneSimulator.Build.0 = Debug|iPhoneSimulator
		{AA03D8FE-0886-4811-BAF5-D101524354E7}.Debug|x64.ActiveCfg = Debug|iPhone
		{AA03D8FE-0886-4811-BAF5-D101524354E7}.Debug|x86.ActiveCfg = Debug|iPhone
		{AA03D8FE-0886-4811-BAF5-D101524354E7}.Release|Any CPU.ActiveCfg = Release|iPhone
		{AA03D8FE-0886-4811-BAF5-D101524354E7}.Release|ARM.ActiveCfg = Release|iPhone
		{AA03D8FE-0886-4811-BAF5-D101524354E7}.Release|iPhone.ActiveCfg = Release|iPhone
		{AA03D8FE-0886-4811-BAF5-D101524354E7}.Release|iPhone.Build.0 = Release|iPhone
		{AA03D8FE-0886-4811-BAF5-D101524354E7}.Release|iPhoneSimulator.ActiveCfg = Release|iPhoneSimulator
		{AA03D8FE-0886-4811-BAF5-D101524354E7}.Release|iPhoneSimulator.Build.0 = Release|iPhoneSimulator
		{AA03D8FE-0886-4811-BAF5-D101524354E7}.Release|x64.ActiveCfg = Release|iPhone
		{AA03D8FE-0886-4811-BAF5-D101524354E7}.Release|x86.ActiveCfg = Release|iPhone
		{364FCF89-7ECD-41EE-98AA-39F55421A75C}.Ad-Hoc|Any CPU.ActiveCfg = Release|Any CPU
		{364FCF89-7ECD-41EE-98AA-39F55421A75C}.Ad-Hoc|Any CPU.Build.0 = Release|Any CPU
		{364FCF89-7ECD-41EE-98AA-39F55421A75C}.Ad-Hoc|Any CPU.Deploy.0 = Release|Any CPU
		{364FCF89-7ECD-41EE-98AA-39F55421A75C}.Ad-Hoc|ARM.ActiveCfg = Release|ARM
		{364FCF89-7ECD-41EE-98AA-39F55421A75C}.Ad-Hoc|ARM.Build.0 = Release|ARM
		{364FCF89-7ECD-41EE-98AA-39F55421A75C}.Ad-Hoc|ARM.Deploy.0 = Release|ARM
		{364FCF89-7ECD-41EE-98AA-39F55421A75C}.Ad-Hoc|iPhone.ActiveCfg = Release|Any CPU
		{364FCF89-7ECD-41EE-98AA-39F55421A75C}.Ad-Hoc|iPhone.Build.0 = Release|Any CPU
		{364FCF89-7ECD-41EE-98AA-39F55421A75C}.Ad-Hoc|iPhone.Deploy.0 = Release|Any CPU
		{364FCF89-7ECD-41EE-98AA-39F55421A75C}.Ad-Hoc|iPhoneSimulator.ActiveCfg = Release|Any CPU
		{364FCF89-7ECD-41EE-98AA-39F55421A75C}.Ad-Hoc|iPhoneSimulator.Build.0 = Release|Any CPU
		{364FCF89-7ECD-41EE-98AA-39F55421A75C}.Ad-Hoc|iPhoneSimulator.Deploy.0 = Release|Any CPU
		{364FCF89-7ECD-41EE-98AA-39F55421A75C}.Ad-Hoc|x64.ActiveCfg = Release|Any CPU
		{364FCF89-7ECD-41EE-98AA-39F55421A75C}.Ad-Hoc|x64.Build.0 = Release|Any CPU
		{364FCF89-7ECD-41EE-98AA-39F55421A75C}.Ad-Hoc|x64.Deploy.0 = Release|Any CPU
		{364FCF89-7ECD-41EE-98AA-39F55421A75C}.Ad-Hoc|x86.ActiveCfg = Release|x86
		{364FCF89-7ECD-41EE-98AA-39F55421A75C}.Ad-Hoc|x86.Build.0 = Release|x86
		{364FCF89-7ECD-41EE-98AA-39F55421A75C}.Ad-Hoc|x86.Deploy.0 = Release|x86
		{364FCF89-7ECD-41EE-98AA-39F55421A75C}.AppStore|Any CPU.ActiveCfg = Release|Any CPU
		{364FCF89-7ECD-41EE-98AA-39F55421A75C}.AppStore|Any CPU.Build.0 = Release|Any CPU
		{364FCF89-7ECD-41EE-98AA-39F55421A75C}.AppStore|Any CPU.Deploy.0 = Release|Any CPU
		{364FCF89-7ECD-41EE-98AA-39F55421A75C}.AppStore|ARM.ActiveCfg = Release|ARM
		{364FCF89-7ECD-41EE-98AA-39F55421A75C}.AppStore|ARM.Build.0 = Release|ARM
		{364FCF89-7ECD-41EE-98AA-39F55421A75C}.AppStore|ARM.Deploy.0 = Release|ARM
		{364FCF89-7ECD-41EE-98AA-39F55421A75C}.AppStore|iPhone.ActiveCfg = Release|Any CPU
		{364FCF89-7ECD-41EE-98AA-39F55421A75C}.AppStore|iPhone.Build.0 = Release|Any CPU
		{364FCF89-7ECD-41EE-98AA-39F55421A75C}.AppStore|iPhone.Deploy.0 = Release|Any CPU
		{364FCF89-7ECD-41EE-98AA-39F55421A75C}.AppStore|iPhoneSimulator.ActiveCfg = Release|Any CPU
		{364FCF89-7ECD-41EE-98AA-39F55421A75C}.AppStore|iPhoneSimulator.Build.0 = Release|Any CPU
		{364FCF89-7ECD-41EE-98AA-39F55421A75C}.AppStore|iPhoneSimulator.Deploy.0 = Release|Any CPU
		{364FCF89-7ECD-41EE-98AA-39F55421A75C}.AppStore|x64.ActiveCfg = Release|Any CPU
		{364FCF89-7ECD-41EE-98AA-39F55421A75C}.AppStore|x64.Build.0 = Release|Any CPU
		{364FCF89-7ECD-41EE-98AA-39F55421A75C}.AppStore|x64.Deploy.0 = Release|Any CPU
		{364FCF89-7ECD-41EE-98AA-39F55421A75C}.AppStore|x86.ActiveCfg = Release|x86
		{364FCF89-7ECD-41EE-98AA-39F55421A75C}.AppStore|x86.Build.0 = Release|x86
		{364FCF89-7ECD-41EE-98AA-39F55421A75C}.AppStore|x86.Deploy.0 = Release|x86
		{364FCF89-7ECD-41EE-98AA-39F55421A75C}.Debug|Any CPU.ActiveCfg = Debug|Any CPU
		{364FCF89-7ECD-41EE-98AA-39F55421A75C}.Debug|Any CPU.Build.0 = Debug|Any CPU
		{364FCF89-7ECD-41EE-98AA-39F55421A75C}.Debug|Any CPU.Deploy.0 = Debug|Any CPU
		{364FCF89-7ECD-41EE-98AA-39F55421A75C}.Debug|ARM.ActiveCfg = Debug|ARM
		{364FCF89-7ECD-41EE-98AA-39F55421A75C}.Debug|ARM.Build.0 = Debug|ARM
		{364FCF89-7ECD-41EE-98AA-39F55421A75C}.Debug|ARM.Deploy.0 = Debug|ARM
		{364FCF89-7ECD-41EE-98AA-39F55421A75C}.Debug|iPhone.ActiveCfg = Debug|Any CPU
		{364FCF89-7ECD-41EE-98AA-39F55421A75C}.Debug|iPhone.Build.0 = Debug|Any CPU
		{364FCF89-7ECD-41EE-98AA-39F55421A75C}.Debug|iPhone.Deploy.0 = Debug|Any CPU
		{364FCF89-7ECD-41EE-98AA-39F55421A75C}.Debug|iPhoneSimulator.ActiveCfg = Debug|Any CPU
		{364FCF89-7ECD-41EE-98AA-39F55421A75C}.Debug|iPhoneSimulator.Build.0 = Debug|Any CPU
		{364FCF89-7ECD-41EE-98AA-39F55421A75C}.Debug|iPhoneSimulator.Deploy.0 = Debug|Any CPU
		{364FCF89-7ECD-41EE-98AA-39F55421A75C}.Debug|x64.ActiveCfg = Debug|Any CPU
		{364FCF89-7ECD-41EE-98AA-39F55421A75C}.Debug|x64.Build.0 = Debug|Any CPU
		{364FCF89-7ECD-41EE-98AA-39F55421A75C}.Debug|x64.Deploy.0 = Debug|Any CPU
		{364FCF89-7ECD-41EE-98AA-39F55421A75C}.Debug|x86.ActiveCfg = Debug|x86
		{364FCF89-7ECD-41EE-98AA-39F55421A75C}.Debug|x86.Build.0 = Debug|x86
		{364FCF89-7ECD-41EE-98AA-39F55421A75C}.Debug|x86.Deploy.0 = Debug|x86
		{364FCF89-7ECD-41EE-98AA-39F55421A75C}.Release|Any CPU.ActiveCfg = Release|Any CPU
		{364FCF89-7ECD-41EE-98AA-39F55421A75C}.Release|Any CPU.Build.0 = Release|Any CPU
		{364FCF89-7ECD-41EE-98AA-39F55421A75C}.Release|Any CPU.Deploy.0 = Release|Any CPU
		{364FCF89-7ECD-41EE-98AA-39F55421A75C}.Release|ARM.ActiveCfg = Release|ARM
		{364FCF89-7ECD-41EE-98AA-39F55421A75C}.Release|ARM.Build.0 = Release|ARM
		{364FCF89-7ECD-41EE-98AA-39F55421A75C}.Release|ARM.Deploy.0 = Release|ARM
		{364FCF89-7ECD-41EE-98AA-39F55421A75C}.Release|iPhone.ActiveCfg = Release|Any CPU
		{364FCF89-7ECD-41EE-98AA-39F55421A75C}.Release|iPhone.Build.0 = Release|Any CPU
		{364FCF89-7ECD-41EE-98AA-39F55421A75C}.Release|iPhone.Deploy.0 = Release|Any CPU
		{364FCF89-7ECD-41EE-98AA-39F55421A75C}.Release|iPhoneSimulator.ActiveCfg = Release|Any CPU
		{364FCF89-7ECD-41EE-98AA-39F55421A75C}.Release|iPhoneSimulator.Build.0 = Release|Any CPU
		{364FCF89-7ECD-41EE-98AA-39F55421A75C}.Release|iPhoneSimulator.Deploy.0 = Release|Any CPU
		{364FCF89-7ECD-41EE-98AA-39F55421A75C}.Release|x64.ActiveCfg = Release|Any CPU
		{364FCF89-7ECD-41EE-98AA-39F55421A75C}.Release|x64.Build.0 = Release|Any CPU
		{364FCF89-7ECD-41EE-98AA-39F55421A75C}.Release|x64.Deploy.0 = Release|Any CPU
		{364FCF89-7ECD-41EE-98AA-39F55421A75C}.Release|x86.ActiveCfg = Release|x86
		{364FCF89-7ECD-41EE-98AA-39F55421A75C}.Release|x86.Build.0 = Release|x86
		{364FCF89-7ECD-41EE-98AA-39F55421A75C}.Release|x86.Deploy.0 = Release|x86
		{4E7F4F03-9D74-4FD8-8861-C4C87A235E44}.Ad-Hoc|Any CPU.ActiveCfg = Release|x86
		{4E7F4F03-9D74-4FD8-8861-C4C87A235E44}.Ad-Hoc|Any CPU.Build.0 = Release|x86
		{4E7F4F03-9D74-4FD8-8861-C4C87A235E44}.Ad-Hoc|Any CPU.Deploy.0 = Release|x86
		{4E7F4F03-9D74-4FD8-8861-C4C87A235E44}.Ad-Hoc|ARM.ActiveCfg = Release|ARM
		{4E7F4F03-9D74-4FD8-8861-C4C87A235E44}.Ad-Hoc|ARM.Build.0 = Release|ARM
		{4E7F4F03-9D74-4FD8-8861-C4C87A235E44}.Ad-Hoc|ARM.Deploy.0 = Release|ARM
		{4E7F4F03-9D74-4FD8-8861-C4C87A235E44}.Ad-Hoc|iPhone.ActiveCfg = Release|x86
		{4E7F4F03-9D74-4FD8-8861-C4C87A235E44}.Ad-Hoc|iPhone.Build.0 = Release|x86
		{4E7F4F03-9D74-4FD8-8861-C4C87A235E44}.Ad-Hoc|iPhone.Deploy.0 = Release|x86
		{4E7F4F03-9D74-4FD8-8861-C4C87A235E44}.Ad-Hoc|iPhoneSimulator.ActiveCfg = Release|x86
		{4E7F4F03-9D74-4FD8-8861-C4C87A235E44}.Ad-Hoc|iPhoneSimulator.Build.0 = Release|x86
		{4E7F4F03-9D74-4FD8-8861-C4C87A235E44}.Ad-Hoc|iPhoneSimulator.Deploy.0 = Release|x86
		{4E7F4F03-9D74-4FD8-8861-C4C87A235E44}.Ad-Hoc|x64.ActiveCfg = Release|x64
		{4E7F4F03-9D74-4FD8-8861-C4C87A235E44}.Ad-Hoc|x64.Build.0 = Release|x64
		{4E7F4F03-9D74-4FD8-8861-C4C87A235E44}.Ad-Hoc|x64.Deploy.0 = Release|x64
		{4E7F4F03-9D74-4FD8-8861-C4C87A235E44}.Ad-Hoc|x86.ActiveCfg = Release|x86
		{4E7F4F03-9D74-4FD8-8861-C4C87A235E44}.Ad-Hoc|x86.Build.0 = Release|x86
		{4E7F4F03-9D74-4FD8-8861-C4C87A235E44}.Ad-Hoc|x86.Deploy.0 = Release|x86
		{4E7F4F03-9D74-4FD8-8861-C4C87A235E44}.AppStore|Any CPU.ActiveCfg = Release|x86
		{4E7F4F03-9D74-4FD8-8861-C4C87A235E44}.AppStore|Any CPU.Build.0 = Release|x86
		{4E7F4F03-9D74-4FD8-8861-C4C87A235E44}.AppStore|Any CPU.Deploy.0 = Release|x86
		{4E7F4F03-9D74-4FD8-8861-C4C87A235E44}.AppStore|ARM.ActiveCfg = Release|ARM
		{4E7F4F03-9D74-4FD8-8861-C4C87A235E44}.AppStore|ARM.Build.0 = Release|ARM
		{4E7F4F03-9D74-4FD8-8861-C4C87A235E44}.AppStore|ARM.Deploy.0 = Release|ARM
		{4E7F4F03-9D74-4FD8-8861-C4C87A235E44}.AppStore|iPhone.ActiveCfg = Release|x86
		{4E7F4F03-9D74-4FD8-8861-C4C87A235E44}.AppStore|iPhone.Build.0 = Release|x86
		{4E7F4F03-9D74-4FD8-8861-C4C87A235E44}.AppStore|iPhone.Deploy.0 = Release|x86
		{4E7F4F03-9D74-4FD8-8861-C4C87A235E44}.AppStore|iPhoneSimulator.ActiveCfg = Release|x86
		{4E7F4F03-9D74-4FD8-8861-C4C87A235E44}.AppStore|iPhoneSimulator.Build.0 = Release|x86
		{4E7F4F03-9D74-4FD8-8861-C4C87A235E44}.AppStore|iPhoneSimulator.Deploy.0 = Release|x86
		{4E7F4F03-9D74-4FD8-8861-C4C87A235E44}.AppStore|x64.ActiveCfg = Release|x64
		{4E7F4F03-9D74-4FD8-8861-C4C87A235E44}.AppStore|x64.Build.0 = Release|x64
		{4E7F4F03-9D74-4FD8-8861-C4C87A235E44}.AppStore|x64.Deploy.0 = Release|x64
		{4E7F4F03-9D74-4FD8-8861-C4C87A235E44}.AppStore|x86.ActiveCfg = Release|x86
		{4E7F4F03-9D74-4FD8-8861-C4C87A235E44}.AppStore|x86.Build.0 = Release|x86
		{4E7F4F03-9D74-4FD8-8861-C4C87A235E44}.AppStore|x86.Deploy.0 = Release|x86
		{4E7F4F03-9D74-4FD8-8861-C4C87A235E44}.Debug|Any CPU.ActiveCfg = Debug|x86
		{4E7F4F03-9D74-4FD8-8861-C4C87A235E44}.Debug|ARM.ActiveCfg = Debug|ARM
		{4E7F4F03-9D74-4FD8-8861-C4C87A235E44}.Debug|ARM.Build.0 = Debug|ARM
		{4E7F4F03-9D74-4FD8-8861-C4C87A235E44}.Debug|ARM.Deploy.0 = Debug|ARM
		{4E7F4F03-9D74-4FD8-8861-C4C87A235E44}.Debug|iPhone.ActiveCfg = Debug|x86
		{4E7F4F03-9D74-4FD8-8861-C4C87A235E44}.Debug|iPhoneSimulator.ActiveCfg = Debug|x86
		{4E7F4F03-9D74-4FD8-8861-C4C87A235E44}.Debug|x64.ActiveCfg = Debug|x64
		{4E7F4F03-9D74-4FD8-8861-C4C87A235E44}.Debug|x64.Build.0 = Debug|x64
		{4E7F4F03-9D74-4FD8-8861-C4C87A235E44}.Debug|x64.Deploy.0 = Debug|x64
		{4E7F4F03-9D74-4FD8-8861-C4C87A235E44}.Debug|x86.ActiveCfg = Debug|x86
		{4E7F4F03-9D74-4FD8-8861-C4C87A235E44}.Debug|x86.Build.0 = Debug|x86
		{4E7F4F03-9D74-4FD8-8861-C4C87A235E44}.Debug|x86.Deploy.0 = Debug|x86
		{4E7F4F03-9D74-4FD8-8861-C4C87A235E44}.Release|Any CPU.ActiveCfg = Release|x86
		{4E7F4F03-9D74-4FD8-8861-C4C87A235E44}.Release|ARM.ActiveCfg = Release|ARM
		{4E7F4F03-9D74-4FD8-8861-C4C87A235E44}.Release|ARM.Build.0 = Release|ARM
		{4E7F4F03-9D74-4FD8-8861-C4C87A235E44}.Release|ARM.Deploy.0 = Release|ARM
		{4E7F4F03-9D74-4FD8-8861-C4C87A235E44}.Release|iPhone.ActiveCfg = Release|x86
		{4E7F4F03-9D74-4FD8-8861-C4C87A235E44}.Release|iPhoneSimulator.ActiveCfg = Release|x86
		{4E7F4F03-9D74-4FD8-8861-C4C87A235E44}.Release|x64.ActiveCfg = Release|x64
		{4E7F4F03-9D74-4FD8-8861-C4C87A235E44}.Release|x64.Build.0 = Release|x64
		{4E7F4F03-9D74-4FD8-8861-C4C87A235E44}.Release|x64.Deploy.0 = Release|x64
		{4E7F4F03-9D74-4FD8-8861-C4C87A235E44}.Release|x86.ActiveCfg = Release|x86
		{4E7F4F03-9D74-4FD8-8861-C4C87A235E44}.Release|x86.Build.0 = Release|x86
		{4E7F4F03-9D74-4FD8-8861-C4C87A235E44}.Release|x86.Deploy.0 = Release|x86
		{7F02A2A8-E4A6-45C5-9C39-A7227835CB5B}.Ad-Hoc|Any CPU.ActiveCfg = Release|Any CPU
		{7F02A2A8-E4A6-45C5-9C39-A7227835CB5B}.Ad-Hoc|Any CPU.Build.0 = Release|Any CPU
		{7F02A2A8-E4A6-45C5-9C39-A7227835CB5B}.Ad-Hoc|Any CPU.Deploy.0 = Release|Any CPU
		{7F02A2A8-E4A6-45C5-9C39-A7227835CB5B}.Ad-Hoc|ARM.ActiveCfg = Release|ARM
		{7F02A2A8-E4A6-45C5-9C39-A7227835CB5B}.Ad-Hoc|ARM.Build.0 = Release|ARM
		{7F02A2A8-E4A6-45C5-9C39-A7227835CB5B}.Ad-Hoc|ARM.Deploy.0 = Release|ARM
		{7F02A2A8-E4A6-45C5-9C39-A7227835CB5B}.Ad-Hoc|iPhone.ActiveCfg = Release|Any CPU
		{7F02A2A8-E4A6-45C5-9C39-A7227835CB5B}.Ad-Hoc|iPhone.Build.0 = Release|Any CPU
		{7F02A2A8-E4A6-45C5-9C39-A7227835CB5B}.Ad-Hoc|iPhone.Deploy.0 = Release|Any CPU
		{7F02A2A8-E4A6-45C5-9C39-A7227835CB5B}.Ad-Hoc|iPhoneSimulator.ActiveCfg = Release|Any CPU
		{7F02A2A8-E4A6-45C5-9C39-A7227835CB5B}.Ad-Hoc|iPhoneSimulator.Build.0 = Release|Any CPU
		{7F02A2A8-E4A6-45C5-9C39-A7227835CB5B}.Ad-Hoc|iPhoneSimulator.Deploy.0 = Release|Any CPU
		{7F02A2A8-E4A6-45C5-9C39-A7227835CB5B}.Ad-Hoc|x64.ActiveCfg = Release|x64
		{7F02A2A8-E4A6-45C5-9C39-A7227835CB5B}.Ad-Hoc|x64.Build.0 = Release|x64
		{7F02A2A8-E4A6-45C5-9C39-A7227835CB5B}.Ad-Hoc|x64.Deploy.0 = Release|x64
		{7F02A2A8-E4A6-45C5-9C39-A7227835CB5B}.Ad-Hoc|x86.ActiveCfg = Release|x86
		{7F02A2A8-E4A6-45C5-9C39-A7227835CB5B}.Ad-Hoc|x86.Build.0 = Release|x86
		{7F02A2A8-E4A6-45C5-9C39-A7227835CB5B}.Ad-Hoc|x86.Deploy.0 = Release|x86
		{7F02A2A8-E4A6-45C5-9C39-A7227835CB5B}.AppStore|Any CPU.ActiveCfg = Release|Any CPU
		{7F02A2A8-E4A6-45C5-9C39-A7227835CB5B}.AppStore|Any CPU.Build.0 = Release|Any CPU
		{7F02A2A8-E4A6-45C5-9C39-A7227835CB5B}.AppStore|Any CPU.Deploy.0 = Release|Any CPU
		{7F02A2A8-E4A6-45C5-9C39-A7227835CB5B}.AppStore|ARM.ActiveCfg = Release|ARM
		{7F02A2A8-E4A6-45C5-9C39-A7227835CB5B}.AppStore|ARM.Build.0 = Release|ARM
		{7F02A2A8-E4A6-45C5-9C39-A7227835CB5B}.AppStore|ARM.Deploy.0 = Release|ARM
		{7F02A2A8-E4A6-45C5-9C39-A7227835CB5B}.AppStore|iPhone.ActiveCfg = Release|Any CPU
		{7F02A2A8-E4A6-45C5-9C39-A7227835CB5B}.AppStore|iPhone.Build.0 = Release|Any CPU
		{7F02A2A8-E4A6-45C5-9C39-A7227835CB5B}.AppStore|iPhone.Deploy.0 = Release|Any CPU
		{7F02A2A8-E4A6-45C5-9C39-A7227835CB5B}.AppStore|iPhoneSimulator.ActiveCfg = Release|Any CPU
		{7F02A2A8-E4A6-45C5-9C39-A7227835CB5B}.AppStore|iPhoneSimulator.Build.0 = Release|Any CPU
		{7F02A2A8-E4A6-45C5-9C39-A7227835CB5B}.AppStore|iPhoneSimulator.Deploy.0 = Release|Any CPU
		{7F02A2A8-E4A6-45C5-9C39-A7227835CB5B}.AppStore|x64.ActiveCfg = Release|x64
		{7F02A2A8-E4A6-45C5-9C39-A7227835CB5B}.AppStore|x64.Build.0 = Release|x64
		{7F02A2A8-E4A6-45C5-9C39-A7227835CB5B}.AppStore|x64.Deploy.0 = Release|x64
		{7F02A2A8-E4A6-45C5-9C39-A7227835CB5B}.AppStore|x86.ActiveCfg = Release|x86
		{7F02A2A8-E4A6-45C5-9C39-A7227835CB5B}.AppStore|x86.Build.0 = Release|x86
		{7F02A2A8-E4A6-45C5-9C39-A7227835CB5B}.AppStore|x86.Deploy.0 = Release|x86
		{7F02A2A8-E4A6-45C5-9C39-A7227835CB5B}.Debug|Any CPU.ActiveCfg = Debug|Any CPU
		{7F02A2A8-E4A6-45C5-9C39-A7227835CB5B}.Debug|Any CPU.Build.0 = Debug|Any CPU
		{7F02A2A8-E4A6-45C5-9C39-A7227835CB5B}.Debug|Any CPU.Deploy.0 = Debug|Any CPU
		{7F02A2A8-E4A6-45C5-9C39-A7227835CB5B}.Debug|ARM.ActiveCfg = Debug|ARM
		{7F02A2A8-E4A6-45C5-9C39-A7227835CB5B}.Debug|ARM.Build.0 = Debug|ARM
		{7F02A2A8-E4A6-45C5-9C39-A7227835CB5B}.Debug|ARM.Deploy.0 = Debug|ARM
		{7F02A2A8-E4A6-45C5-9C39-A7227835CB5B}.Debug|iPhone.ActiveCfg = Debug|Any CPU
		{7F02A2A8-E4A6-45C5-9C39-A7227835CB5B}.Debug|iPhone.Build.0 = Debug|Any CPU
		{7F02A2A8-E4A6-45C5-9C39-A7227835CB5B}.Debug|iPhone.Deploy.0 = Debug|Any CPU
		{7F02A2A8-E4A6-45C5-9C39-A7227835CB5B}.Debug|iPhoneSimulator.ActiveCfg = Debug|Any CPU
		{7F02A2A8-E4A6-45C5-9C39-A7227835CB5B}.Debug|iPhoneSimulator.Build.0 = Debug|Any CPU
		{7F02A2A8-E4A6-45C5-9C39-A7227835CB5B}.Debug|iPhoneSimulator.Deploy.0 = Debug|Any CPU
		{7F02A2A8-E4A6-45C5-9C39-A7227835CB5B}.Debug|x64.ActiveCfg = Debug|x64
		{7F02A2A8-E4A6-45C5-9C39-A7227835CB5B}.Debug|x64.Build.0 = Debug|x64
		{7F02A2A8-E4A6-45C5-9C39-A7227835CB5B}.Debug|x64.Deploy.0 = Debug|x64
		{7F02A2A8-E4A6-45C5-9C39-A7227835CB5B}.Debug|x86.ActiveCfg = Debug|x86
		{7F02A2A8-E4A6-45C5-9C39-A7227835CB5B}.Debug|x86.Build.0 = Debug|x86
		{7F02A2A8-E4A6-45C5-9C39-A7227835CB5B}.Debug|x86.Deploy.0 = Debug|x86
		{7F02A2A8-E4A6-45C5-9C39-A7227835CB5B}.Release|Any CPU.ActiveCfg = Release|Any CPU
		{7F02A2A8-E4A6-45C5-9C39-A7227835CB5B}.Release|Any CPU.Build.0 = Release|Any CPU
		{7F02A2A8-E4A6-45C5-9C39-A7227835CB5B}.Release|Any CPU.Deploy.0 = Release|Any CPU
		{7F02A2A8-E4A6-45C5-9C39-A7227835CB5B}.Release|ARM.ActiveCfg = Release|ARM
		{7F02A2A8-E4A6-45C5-9C39-A7227835CB5B}.Release|ARM.Build.0 = Release|ARM
		{7F02A2A8-E4A6-45C5-9C39-A7227835CB5B}.Release|ARM.Deploy.0 = Release|ARM
		{7F02A2A8-E4A6-45C5-9C39-A7227835CB5B}.Release|iPhone.ActiveCfg = Release|Any CPU
		{7F02A2A8-E4A6-45C5-9C39-A7227835CB5B}.Release|iPhone.Build.0 = Release|Any CPU
		{7F02A2A8-E4A6-45C5-9C39-A7227835CB5B}.Release|iPhone.Deploy.0 = Release|Any CPU
		{7F02A2A8-E4A6-45C5-9C39-A7227835CB5B}.Release|iPhoneSimulator.ActiveCfg = Release|Any CPU
		{7F02A2A8-E4A6-45C5-9C39-A7227835CB5B}.Release|iPhoneSimulator.Build.0 = Release|Any CPU
		{7F02A2A8-E4A6-45C5-9C39-A7227835CB5B}.Release|iPhoneSimulator.Deploy.0 = Release|Any CPU
		{7F02A2A8-E4A6-45C5-9C39-A7227835CB5B}.Release|x64.ActiveCfg = Release|x64
		{7F02A2A8-E4A6-45C5-9C39-A7227835CB5B}.Release|x64.Build.0 = Release|x64
		{7F02A2A8-E4A6-45C5-9C39-A7227835CB5B}.Release|x64.Deploy.0 = Release|x64
		{7F02A2A8-E4A6-45C5-9C39-A7227835CB5B}.Release|x86.ActiveCfg = Release|x86
		{7F02A2A8-E4A6-45C5-9C39-A7227835CB5B}.Release|x86.Build.0 = Release|x86
		{7F02A2A8-E4A6-45C5-9C39-A7227835CB5B}.Release|x86.Deploy.0 = Release|x86
		{6708D950-866C-4C0D-B0CF-2A1A7919C4BF}.Ad-Hoc|Any CPU.ActiveCfg = Release|Any CPU
		{6708D950-866C-4C0D-B0CF-2A1A7919C4BF}.Ad-Hoc|Any CPU.Build.0 = Release|Any CPU
		{6708D950-866C-4C0D-B0CF-2A1A7919C4BF}.Ad-Hoc|ARM.ActiveCfg = Release|Any CPU
		{6708D950-866C-4C0D-B0CF-2A1A7919C4BF}.Ad-Hoc|ARM.Build.0 = Release|Any CPU
		{6708D950-866C-4C0D-B0CF-2A1A7919C4BF}.Ad-Hoc|iPhone.ActiveCfg = Release|Any CPU
		{6708D950-866C-4C0D-B0CF-2A1A7919C4BF}.Ad-Hoc|iPhone.Build.0 = Release|Any CPU
		{6708D950-866C-4C0D-B0CF-2A1A7919C4BF}.Ad-Hoc|iPhoneSimulator.ActiveCfg = Release|Any CPU
		{6708D950-866C-4C0D-B0CF-2A1A7919C4BF}.Ad-Hoc|iPhoneSimulator.Build.0 = Release|Any CPU
		{6708D950-866C-4C0D-B0CF-2A1A7919C4BF}.Ad-Hoc|x64.ActiveCfg = Release|Any CPU
		{6708D950-866C-4C0D-B0CF-2A1A7919C4BF}.Ad-Hoc|x64.Build.0 = Release|Any CPU
		{6708D950-866C-4C0D-B0CF-2A1A7919C4BF}.Ad-Hoc|x86.ActiveCfg = Release|Any CPU
		{6708D950-866C-4C0D-B0CF-2A1A7919C4BF}.Ad-Hoc|x86.Build.0 = Release|Any CPU
		{6708D950-866C-4C0D-B0CF-2A1A7919C4BF}.AppStore|Any CPU.ActiveCfg = Release|Any CPU
		{6708D950-866C-4C0D-B0CF-2A1A7919C4BF}.AppStore|Any CPU.Build.0 = Release|Any CPU
		{6708D950-866C-4C0D-B0CF-2A1A7919C4BF}.AppStore|ARM.ActiveCfg = Release|Any CPU
		{6708D950-866C-4C0D-B0CF-2A1A7919C4BF}.AppStore|ARM.Build.0 = Release|Any CPU
		{6708D950-866C-4C0D-B0CF-2A1A7919C4BF}.AppStore|iPhone.ActiveCfg = Release|Any CPU
		{6708D950-866C-4C0D-B0CF-2A1A7919C4BF}.AppStore|iPhone.Build.0 = Release|Any CPU
		{6708D950-866C-4C0D-B0CF-2A1A7919C4BF}.AppStore|iPhoneSimulator.ActiveCfg = Release|Any CPU
		{6708D950-866C-4C0D-B0CF-2A1A7919C4BF}.AppStore|iPhoneSimulator.Build.0 = Release|Any CPU
		{6708D950-866C-4C0D-B0CF-2A1A7919C4BF}.AppStore|x64.ActiveCfg = Release|Any CPU
		{6708D950-866C-4C0D-B0CF-2A1A7919C4BF}.AppStore|x64.Build.0 = Release|Any CPU
		{6708D950-866C-4C0D-B0CF-2A1A7919C4BF}.AppStore|x86.ActiveCfg = Release|Any CPU
		{6708D950-866C-4C0D-B0CF-2A1A7919C4BF}.AppStore|x86.Build.0 = Release|Any CPU
		{6708D950-866C-4C0D-B0CF-2A1A7919C4BF}.Debug|Any CPU.ActiveCfg = Debug|Any CPU
		{6708D950-866C-4C0D-B0CF-2A1A7919C4BF}.Debug|Any CPU.Build.0 = Debug|Any CPU
		{6708D950-866C-4C0D-B0CF-2A1A7919C4BF}.Debug|ARM.ActiveCfg = Debug|Any CPU
		{6708D950-866C-4C0D-B0CF-2A1A7919C4BF}.Debug|ARM.Build.0 = Debug|Any CPU
		{6708D950-866C-4C0D-B0CF-2A1A7919C4BF}.Debug|iPhone.ActiveCfg = Debug|Any CPU
		{6708D950-866C-4C0D-B0CF-2A1A7919C4BF}.Debug|iPhone.Build.0 = Debug|Any CPU
		{6708D950-866C-4C0D-B0CF-2A1A7919C4BF}.Debug|iPhoneSimulator.ActiveCfg = Debug|Any CPU
		{6708D950-866C-4C0D-B0CF-2A1A7919C4BF}.Debug|iPhoneSimulator.Build.0 = Debug|Any CPU
		{6708D950-866C-4C0D-B0CF-2A1A7919C4BF}.Debug|x64.ActiveCfg = Debug|Any CPU
		{6708D950-866C-4C0D-B0CF-2A1A7919C4BF}.Debug|x64.Build.0 = Debug|Any CPU
		{6708D950-866C-4C0D-B0CF-2A1A7919C4BF}.Debug|x86.ActiveCfg = Debug|Any CPU
		{6708D950-866C-4C0D-B0CF-2A1A7919C4BF}.Debug|x86.Build.0 = Debug|Any CPU
		{6708D950-866C-4C0D-B0CF-2A1A7919C4BF}.Release|Any CPU.ActiveCfg = Release|Any CPU
		{6708D950-866C-4C0D-B0CF-2A1A7919C4BF}.Release|Any CPU.Build.0 = Release|Any CPU
		{6708D950-866C-4C0D-B0CF-2A1A7919C4BF}.Release|ARM.ActiveCfg = Release|Any CPU
		{6708D950-866C-4C0D-B0CF-2A1A7919C4BF}.Release|ARM.Build.0 = Release|Any CPU
		{6708D950-866C-4C0D-B0CF-2A1A7919C4BF}.Release|iPhone.ActiveCfg = Release|Any CPU
		{6708D950-866C-4C0D-B0CF-2A1A7919C4BF}.Release|iPhone.Build.0 = Release|Any CPU
		{6708D950-866C-4C0D-B0CF-2A1A7919C4BF}.Release|iPhoneSimulator.ActiveCfg = Release|Any CPU
		{6708D950-866C-4C0D-B0CF-2A1A7919C4BF}.Release|iPhoneSimulator.Build.0 = Release|Any CPU
		{6708D950-866C-4C0D-B0CF-2A1A7919C4BF}.Release|x64.ActiveCfg = Release|Any CPU
		{6708D950-866C-4C0D-B0CF-2A1A7919C4BF}.Release|x64.Build.0 = Release|Any CPU
		{6708D950-866C-4C0D-B0CF-2A1A7919C4BF}.Release|x86.ActiveCfg = Release|Any CPU
		{6708D950-866C-4C0D-B0CF-2A1A7919C4BF}.Release|x86.Build.0 = Release|Any CPU
	EndGlobalSection
	GlobalSection(SolutionProperties) = preSolution
		HideSolutionNode = FALSE
	EndGlobalSection
EndGlobal
